{
  "name": "tsx",
  "version": "1.0.0",
  "lockfileVersion": 2,
  "requires": true,
  "packages": {
    "": {
      "version": "1.0.0",
      "license": "ISC",
      "devDependencies": {
        "@types/react": "^17.0.1"
      }
    },
    "node_modules/@types/prop-types": {
      "version": "15.7.3",
      "resolved": "https://registry.npm.taobao.org/@types/prop-types/download/@types/prop-types-15.7.3.tgz?cache=0&sync_timestamp=1605055213103&other_urls=https%3A%2F%2Fregistry.npm.taobao.org%2F%40types%2Fprop-types%2Fdownload%2F%40types%2Fprop-types-15.7.3.tgz",
      "integrity": "sha1-KrDV2i5YFflLC51LldHl8kOrLKc=",
      "dev": true
    },
    "node_modules/@types/react": {
      "version": "17.0.1",
      "resolved": "https://registry.npm.taobao.org/@types/react/download/@types/react-17.0.1.tgz?cache=0&sync_timestamp=1612307459637&other_urls=https%3A%2F%2Fregistry.npm.taobao.org%2F%40types%2Freact%2Fdownload%2F%40types%2Freact-17.0.1.tgz",
      "integrity": "sha1-6x8UB96o2jvHQYecEZKqcDq5l1s=",
      "dev": true,
      "dependencies": {
        "@types/prop-types": "*",
        "csstype": "^3.0.2"
      }
    },
    "node_modules/csstype": {
      "version": "3.0.6",
      "resolved": "https://registry.npm.taobao.org/csstype/download/csstype-3.0.6.tgz?cache=0&sync_timestamp=1610107098407&other_urls=https%3A%2F%2Fregistry.npm.taobao.org%2Fcsstype%2Fdownload%2Fcsstype-3.0.6.tgz",
      "integrity": "sha1-hl0LWDPX2NQPTluKbXauo95HJe8=",
      "dev": true
    }
  },
  "dependencies": {
    "@types/prop-types": {
      "version": "15.7.3",
      "resolved": "https://registry.npm.taobao.org/@types/prop-types/download/@types/prop-types-15.7.3.tgz?cache=0&sync_timestamp=1605055213103&other_urls=https%3A%2F%2Fregistry.npm.taobao.org%2F%40types%2Fprop-types%2Fdownload%2F%40types%2Fprop-types-15.7.3.tgz",
      "integrity": "sha1-KrDV2i5YFflLC51LldHl8kOrLKc=",
      "dev": true
    },
    "@types/react": {
      "version": "17.0.1",
      "resolved": "https://registry.npm.taobao.org/@types/react/download/@types/react-17.0.1.tgz?cache=0&sync_timestamp=1612307459637&other_urls=https%3A%2F%2Fregistry.npm.taobao.org%2F%40types%2Freact%2Fdownload%2F%40types%2Freact-17.0.1.tgz",
      "integrity": "sha1-6x8UB96o2jvHQYecEZKqcDq5l1s=",
      "dev": true,
      "requires": {
        "@types/prop-types": "*",
        "csstype": "^3.0.2"
      }
    },
    "csstype": {
      "version": "3.0.6",
      "resolved": "https://registry.npm.taobao.org/csstype/download/csstype-3.0.6.tgz?cache=0&sync_timestamp=1610107098407&other_urls=https%3A%2F%2Fregistry.npm.taobao.org%2Fcsstype%2Fdownload%2Fcsstype-3.0.6.tgz",
      "integrity": "sha1-hl0LWDPX2NQPTluKbXauo95HJe8=",
      "dev": true
    }
  }
}
